
Microsoft Visual Studio Solution File, Format Version 12.00
# Visual Studio Version 17
VisualStudioVersion = 17.2.32526.322
MinimumVisualStudioVersion = 10.0.40219.1
Project("{FAE04EC0-301F-11D3-BF4B-00C04F79EFBC}") = "Operadores", "Operadores\Operadores.csproj", "{0C6940F9-61B4-477C-88D0-870F0EF59475}"
EndProject
Global
	GlobalSection(SolutionConfigurationPlatforms) = preSolution
		Debug|Any CPU = Debug|Any CPU
		Release|Any CPU = Release|Any CPU
	EndGlobalSection
	GlobalSection(ProjectConfigurationPlatforms) = postSolution
		{0C6940F9-61B4-477C-88D0-870F0EF59475}.Debug|Any CPU.ActiveCfg = Debug|Any CPU
		{0C6940F9-61B4-477C-88D0-870F0EF59475}.Debug|Any CPU.Build.0 = Debug|Any CPU
		{0C6940F9-61B4-477C-88D0-870F0EF59475}.Release|Any CPU.ActiveCfg = Release|Any CPU
		{0C6940F9-61B4-477C-88D0-870F0EF59475}.Release|Any CPU.Build.0 = Release|Any CPU
	EndGlobalSection
	GlobalSection(SolutionProperties) = preSolution
		HideSolutionNode = FALSE
	EndGlobalSection
	GlobalSection(ExtensibilityGlobals) = postSolution
		SolutionGuid = {0F18FE3C-483F-4BEB-8384-E5AD26AA9933}
	EndGlobalSection
EndGlobal
